// !$*UTF8*$!
{
	archiveVersion = 1;
	classes = {
	};
	objectVersion = 46;
	objects = {

/* Begin PBXBuildFile section */
		D60870361AD7965100645E27 /* WLGarrafaVidro.m in Sources */ = {isa = PBXBuildFile; fileRef = D60870351AD7965100645E27 /* WLGarrafaVidro.m */; };
		D695BCC01AD7581800DC3187 /* main.m in Sources */ = {isa = PBXBuildFile; fileRef = D695BCBF1AD7581800DC3187 /* main.m */; };
		D695BCC31AD7581800DC3187 /* AppDelegate.m in Sources */ = {isa = PBXBuildFile; fileRef = D695BCC21AD7581800DC3187 /* AppDelegate.m */; };
		D695BCC61AD7581800DC3187 /* TelaInicio.m in Sources */ = {isa = PBXBuildFile; fileRef = D695BCC51AD7581800DC3187 /* TelaInicio.m */; };
		D695BCC81AD7581800DC3187 /* TelaInicio.sks in Resources */ = {isa = PBXBuildFile; fileRef = D695BCC71AD7581800DC3187 /* TelaInicio.sks */; };
		D695BCCB1AD7581800DC3187 /* GameViewController.m in Sources */ = {isa = PBXBuildFile; fileRef = D695BCCA1AD7581800DC3187 /* GameViewController.m */; };
		D695BCCE1AD7581800DC3187 /* Main.storyboard in Resources */ = {isa = PBXBuildFile; fileRef = D695BCCC1AD7581800DC3187 /* Main.storyboard */; };
		D695BCD01AD7581800DC3187 /* Images.xcassets in Resources */ = {isa = PBXBuildFile; fileRef = D695BCCF1AD7581800DC3187 /* Images.xcassets */; };
		D695BCD31AD7581800DC3187 /* LaunchScreen.xib in Resources */ = {isa = PBXBuildFile; fileRef = D695BCD11AD7581800DC3187 /* LaunchScreen.xib */; };
		D695BCDF1AD7581800DC3187 /* River_WatcherTests.m in Sources */ = {isa = PBXBuildFile; fileRef = D695BCDE1AD7581800DC3187 /* River_WatcherTests.m */; };
		D695BD2F1AD75D0900DC3187 /* Car Passing.wav in Resources */ = {isa = PBXBuildFile; fileRef = D695BD221AD75D0900DC3187 /* Car Passing.wav */; };
		D695BD301AD75D0900DC3187 /* CarHorn.wav in Resources */ = {isa = PBXBuildFile; fileRef = D695BD231AD75D0900DC3187 /* CarHorn.wav */; };
		D695BD311AD75D0900DC3187 /* Click - Stapling Paper-SoundBible.com-238116558.wav in Resources */ = {isa = PBXBuildFile; fileRef = D695BD241AD75D0900DC3187 /* Click - Stapling Paper-SoundBible.com-238116558.wav */; };
		D695BD321AD75D0900DC3187 /* Enjoy The Life - In Game.wav in Resources */ = {isa = PBXBuildFile; fileRef = D695BD251AD75D0900DC3187 /* Enjoy The Life - In Game.wav */; };
		D695BD331AD75D0900DC3187 /* Enjoy The Life - TI.wav in Resources */ = {isa = PBXBuildFile; fileRef = D695BD261AD75D0900DC3187 /* Enjoy The Life - TI.wav */; };
		D695BD341AD75D0900DC3187 /* Fall in water.wav in Resources */ = {isa = PBXBuildFile; fileRef = D695BD271AD75D0900DC3187 /* Fall in water.wav */; };
		D695BD351AD75D0900DC3187 /* Grab object.wav in Resources */ = {isa = PBXBuildFile; fileRef = D695BD281AD75D0900DC3187 /* Grab object.wav */; };
		D695BD361AD75D0900DC3187 /* OFF - bubble_gum_pop-Natalie_Wendt-772662403.wav in Resources */ = {isa = PBXBuildFile; fileRef = D695BD291AD75D0900DC3187 /* OFF - bubble_gum_pop-Natalie_Wendt-772662403.wav */; };
		D695BD371AD75D0900DC3187 /* ON - bubble_gum_pop-Natalie_Wendt-772662403.wav in Resources */ = {isa = PBXBuildFile; fileRef = D695BD2A1AD75D0900DC3187 /* ON - bubble_gum_pop-Natalie_Wendt-772662403.wav */; };
		D695BD381AD75D0900DC3187 /* Put on trash can  - 2.wav in Resources */ = {isa = PBXBuildFile; fileRef = D695BD2B1AD75D0900DC3187 /* Put on trash can  - 2.wav */; };
		D695BD391AD75D0900DC3187 /* Put on trash can - 1.wav in Resources */ = {isa = PBXBuildFile; fileRef = D695BD2C1AD75D0900DC3187 /* Put on trash can - 1.wav */; };
		D695BD3A1AD75D0900DC3187 /* Smalltalk - End.wav in Resources */ = {isa = PBXBuildFile; fileRef = D695BD2D1AD75D0900DC3187 /* Smalltalk - End.wav */; };
		D695BD3B1AD75D0900DC3187 /* throw object.wav in Resources */ = {isa = PBXBuildFile; fileRef = D695BD2E1AD75D0900DC3187 /* throw object.wav */; };
		D695BD441AD77C7700DC3187 /* TelaJogo.m in Sources */ = {isa = PBXBuildFile; fileRef = D695BD431AD77C7700DC3187 /* TelaJogo.m */; };
		D695BD4B1AD7838B00DC3187 /* Floraless.ttf in Resources */ = {isa = PBXBuildFile; fileRef = D695BD461AD7838B00DC3187 /* Floraless.ttf */; };
		D695BD4C1AD7838B00DC3187 /* FONTLOG.txt in Resources */ = {isa = PBXBuildFile; fileRef = D695BD471AD7838B00DC3187 /* FONTLOG.txt */; };
		D695BD4D1AD7838B00DC3187 /* LICENSE.txt in Resources */ = {isa = PBXBuildFile; fileRef = D695BD481AD7838B00DC3187 /* LICENSE.txt */; };
		D695BD4F1AD7838B00DC3187 /* PressStart2P.ttf in Resources */ = {isa = PBXBuildFile; fileRef = D695BD4A1AD7838B00DC3187 /* PressStart2P.ttf */; };
		D695BD551AD786D100DC3187 /* WLWater1.m in Sources */ = {isa = PBXBuildFile; fileRef = D695BD521AD786D100DC3187 /* WLWater1.m */; };
		D695BD561AD786D100DC3187 /* WLWater2.m in Sources */ = {isa = PBXBuildFile; fileRef = D695BD541AD786D100DC3187 /* WLWater2.m */; };
		D695BD5B1AD789CB00DC3187 /* SpaceShip.m in Sources */ = {isa = PBXBuildFile; fileRef = D695BD5A1AD789CB00DC3187 /* SpaceShip.m */; };
		D6BB9AC71AD8060A006E8DC7 /* WLAutomovel.m in Sources */ = {isa = PBXBuildFile; fileRef = D6BB9AC61AD8060A006E8DC7 /* WLAutomovel.m */; };
		D6BB9ACA1AD8174F006E8DC7 /* WLCarro1.m in Sources */ = {isa = PBXBuildFile; fileRef = D6BB9AC91AD8174F006E8DC7 /* WLCarro1.m */; };
/* End PBXBuildFile section */

/* Begin PBXContainerItemProxy section */
		D695BCD91AD7581800DC3187 /* PBXContainerItemProxy */ = {
			isa = PBXContainerItemProxy;
			containerPortal = D695BCB21AD7581700DC3187 /* Project object */;
			proxyType = 1;
			remoteGlobalIDString = D695BCB91AD7581700DC3187;
			remoteInfo = "River Watcher";
		};
/* End PBXContainerItemProxy section */

/* Begin PBXFileReference section */
		D60870341AD7965100645E27 /* WLGarrafaVidro.h */ = {isa = PBXFileReference; fileEncoding = 4; lastKnownFileType = sourcecode.c.h; name = WLGarrafaVidro.h; path = Objetos/WLGarrafaVidro.h; sourceTree = "<group>"; };
		D60870351AD7965100645E27 /* WLGarrafaVidro.m */ = {isa = PBXFileReference; fileEncoding = 4; lastKnownFileType = sourcecode.c.objc; name = WLGarrafaVidro.m; path = Objetos/WLGarrafaVidro.m; sourceTree = "<group>"; };
		D695BCBA1AD7581800DC3187 /* River Watcher.app */ = {isa = PBXFileReference; explicitFileType = wrapper.application; includeInIndex = 0; path = "River Watcher.app"; sourceTree = BUILT_PRODUCTS_DIR; };
		D695BCBE1AD7581800DC3187 /* Info.plist */ = {isa = PBXFileReference; lastKnownFileType = text.plist.xml; path = Info.plist; sourceTree = "<group>"; };
		D695BCBF1AD7581800DC3187 /* main.m */ = {isa = PBXFileReference; lastKnownFileType = sourcecode.c.objc; path = main.m; sourceTree = "<group>"; };
		D695BCC11AD7581800DC3187 /* AppDelegate.h */ = {isa = PBXFileReference; lastKnownFileType = sourcecode.c.h; path = AppDelegate.h; sourceTree = "<group>"; };
		D695BCC21AD7581800DC3187 /* AppDelegate.m */ = {isa = PBXFileReference; lastKnownFileType = sourcecode.c.objc; path = AppDelegate.m; sourceTree = "<group>"; };
		D695BCC41AD7581800DC3187 /* TelaInicio.h */ = {isa = PBXFileReference; lastKnownFileType = sourcecode.c.h; path = TelaInicio.h; sourceTree = "<group>"; };
		D695BCC51AD7581800DC3187 /* TelaInicio.m */ = {isa = PBXFileReference; lastKnownFileType = sourcecode.c.objc; path = TelaInicio.m; sourceTree = "<group>"; };
		D695BCC71AD7581800DC3187 /* TelaInicio.sks */ = {isa = PBXFileReference; lastKnownFileType = file.sks; path = TelaInicio.sks; sourceTree = "<group>"; };
		D695BCC91AD7581800DC3187 /* GameViewController.h */ = {isa = PBXFileReference; lastKnownFileType = sourcecode.c.h; path = GameViewController.h; sourceTree = "<group>"; };
		D695BCCA1AD7581800DC3187 /* GameViewController.m */ = {isa = PBXFileReference; lastKnownFileType = sourcecode.c.objc; path = GameViewController.m; sourceTree = "<group>"; };
		D695BCCD1AD7581800DC3187 /* Base */ = {isa = PBXFileReference; lastKnownFileType = file.storyboard; name = Base; path = Base.lproj/Main.storyboard; sourceTree = "<group>"; };
		D695BCCF1AD7581800DC3187 /* Images.xcassets */ = {isa = PBXFileReference; lastKnownFileType = folder.assetcatalog; path = Images.xcassets; sourceTree = "<group>"; };
		D695BCD21AD7581800DC3187 /* Base */ = {isa = PBXFileReference; lastKnownFileType = file.xib; name = Base; path = Base.lproj/LaunchScreen.xib; sourceTree = "<group>"; };
		D695BCD81AD7581800DC3187 /* River WatcherTests.xctest */ = {isa = PBXFileReference; explicitFileType = wrapper.cfbundle; includeInIndex = 0; path = "River WatcherTests.xctest"; sourceTree = BUILT_PRODUCTS_DIR; };
		D695BCDD1AD7581800DC3187 /* Info.plist */ = {isa = PBXFileReference; lastKnownFileType = text.plist.xml; path = Info.plist; sourceTree = "<group>"; };
		D695BCDE1AD7581800DC3187 /* River_WatcherTests.m */ = {isa = PBXFileReference; lastKnownFileType = sourcecode.c.objc; path = River_WatcherTests.m; sourceTree = "<group>"; };
		D695BD221AD75D0900DC3187 /* Car Passing.wav */ = {isa = PBXFileReference; lastKnownFileType = audio.wav; path = "Car Passing.wav"; sourceTree = "<group>"; };
		D695BD231AD75D0900DC3187 /* CarHorn.wav */ = {isa = PBXFileReference; lastKnownFileType = audio.wav; path = CarHorn.wav; sourceTree = "<group>"; };
		D695BD241AD75D0900DC3187 /* Click - Stapling Paper-SoundBible.com-238116558.wav */ = {isa = PBXFileReference; lastKnownFileType = audio.wav; path = "Click - Stapling Paper-SoundBible.com-238116558.wav"; sourceTree = "<group>"; };
		D695BD251AD75D0900DC3187 /* Enjoy The Life - In Game.wav */ = {isa = PBXFileReference; lastKnownFileType = audio.wav; path = "Enjoy The Life - In Game.wav"; sourceTree = "<group>"; };
		D695BD261AD75D0900DC3187 /* Enjoy The Life - TI.wav */ = {isa = PBXFileReference; lastKnownFileType = audio.wav; path = "Enjoy The Life - TI.wav"; sourceTree = "<group>"; };
		D695BD271AD75D0900DC3187 /* Fall in water.wav */ = {isa = PBXFileReference; lastKnownFileType = audio.wav; path = "Fall in water.wav"; sourceTree = "<group>"; };
		D695BD281AD75D0900DC3187 /* Grab object.wav */ = {isa = PBXFileReference; lastKnownFileType = audio.wav; path = "Grab object.wav"; sourceTree = "<group>"; };
		D695BD291AD75D0900DC3187 /* OFF - bubble_gum_pop-Natalie_Wendt-772662403.wav */ = {isa = PBXFileReference; lastKnownFileType = audio.wav; path = "OFF - bubble_gum_pop-Natalie_Wendt-772662403.wav"; sourceTree = "<group>"; };
		D695BD2A1AD75D0900DC3187 /* ON - bubble_gum_pop-Natalie_Wendt-772662403.wav */ = {isa = PBXFileReference; lastKnownFileType = audio.wav; path = "ON - bubble_gum_pop-Natalie_Wendt-772662403.wav"; sourceTree = "<group>"; };
		D695BD2B1AD75D0900DC3187 /* Put on trash can  - 2.wav */ = {isa = PBXFileReference; lastKnownFileType = audio.wav; path = "Put on trash can  - 2.wav"; sourceTree = "<group>"; };
		D695BD2C1AD75D0900DC3187 /* Put on trash can - 1.wav */ = {isa = PBXFileReference; lastKnownFileType = audio.wav; path = "Put on trash can - 1.wav"; sourceTree = "<group>"; };
		D695BD2D1AD75D0900DC3187 /* Smalltalk - End.wav */ = {isa = PBXFileReference; lastKnownFileType = audio.wav; path = "Smalltalk - End.wav"; sourceTree = "<group>"; };
		D695BD2E1AD75D0900DC3187 /* throw object.wav */ = {isa = PBXFileReference; lastKnownFileType = audio.wav; path = "throw object.wav"; sourceTree = "<group>"; };
		D695BD421AD77C7700DC3187 /* TelaJogo.h */ = {isa = PBXFileReference; fileEncoding = 4; lastKnownFileType = sourcecode.c.h; path = TelaJogo.h; sourceTree = "<group>"; };
		D695BD431AD77C7700DC3187 /* TelaJogo.m */ = {isa = PBXFileReference; fileEncoding = 4; lastKnownFileType = sourcecode.c.objc; path = TelaJogo.m; sourceTree = "<group>"; };
		D695BD461AD7838B00DC3187 /* Floraless.ttf */ = {isa = PBXFileReference; lastKnownFileType = file; path = Floraless.ttf; sourceTree = "<group>"; };
		D695BD471AD7838B00DC3187 /* FONTLOG.txt */ = {isa = PBXFileReference; fileEncoding = 4; lastKnownFileType = text; path = FONTLOG.txt; sourceTree = "<group>"; };
		D695BD481AD7838B00DC3187 /* LICENSE.txt */ = {isa = PBXFileReference; fileEncoding = 4; lastKnownFileType = text; path = LICENSE.txt; sourceTree = "<group>"; };
		D695BD4A1AD7838B00DC3187 /* PressStart2P.ttf */ = {isa = PBXFileReference; lastKnownFileType = file; path = PressStart2P.ttf; sourceTree = "<group>"; };
		D695BD511AD786D100DC3187 /* WLWater1.h */ = {isa = PBXFileReference; fileEncoding = 4; lastKnownFileType = sourcecode.c.h; name = WLWater1.h; path = Objetos/WLWater1.h; sourceTree = "<group>"; };
		D695BD521AD786D100DC3187 /* WLWater1.m */ = {isa = PBXFileReference; fileEncoding = 4; lastKnownFileType = sourcecode.c.objc; name = WLWater1.m; path = Objetos/WLWater1.m; sourceTree = "<group>"; };
		D695BD531AD786D100DC3187 /* WLWater2.h */ = {isa = PBXFileReference; fileEncoding = 4; lastKnownFileType = sourcecode.c.h; name = WLWater2.h; path = Objetos/WLWater2.h; sourceTree = "<group>"; };
		D695BD541AD786D100DC3187 /* WLWater2.m */ = {isa = PBXFileReference; fileEncoding = 4; lastKnownFileType = sourcecode.c.objc; name = WLWater2.m; path = Objetos/WLWater2.m; sourceTree = "<group>"; };
		D695BD591AD789CB00DC3187 /* SpaceShip.h */ = {isa = PBXFileReference; fileEncoding = 4; lastKnownFileType = sourcecode.c.h; name = SpaceShip.h; path = Objetos/SpaceShip.h; sourceTree = "<group>"; };
		D695BD5A1AD789CB00DC3187 /* SpaceShip.m */ = {isa = PBXFileReference; fileEncoding = 4; lastKnownFileType = sourcecode.c.objc; name = SpaceShip.m; path = Objetos/SpaceShip.m; sourceTree = "<group>"; };
		D6BB9AC51AD8060A006E8DC7 /* WLAutomovel.h */ = {isa = PBXFileReference; fileEncoding = 4; lastKnownFileType = sourcecode.c.h; path = WLAutomovel.h; sourceTree = "<group>"; };
		D6BB9AC61AD8060A006E8DC7 /* WLAutomovel.m */ = {isa = PBXFileReference; fileEncoding = 4; lastKnownFileType = sourcecode.c.objc; path = WLAutomovel.m; sourceTree = "<group>"; };
		D6BB9AC81AD8174F006E8DC7 /* WLCarro1.h */ = {isa = PBXFileReference; fileEncoding = 4; lastKnownFileType = sourcecode.c.h; path = WLCarro1.h; sourceTree = "<group>"; };
		D6BB9AC91AD8174F006E8DC7 /* WLCarro1.m */ = {isa = PBXFileReference; fileEncoding = 4; lastKnownFileType = sourcecode.c.objc; path = WLCarro1.m; sourceTree = "<group>"; };
/* End PBXFileReference section */

/* Begin PBXFrameworksBuildPhase section */
		D695BCB71AD7581700DC3187 /* Frameworks */ = {
			isa = PBXFrameworksBuildPhase;
			buildActionMask = 2147483647;
			files = (
			);
			runOnlyForDeploymentPostprocessing = 0;
		};
		D695BCD51AD7581800DC3187 /* Frameworks */ = {
			isa = PBXFrameworksBuildPhase;
			buildActionMask = 2147483647;
			files = (
			);
			runOnlyForDeploymentPostprocessing = 0;
		};
/* End PBXFrameworksBuildPhase section */

/* Begin PBXGroup section */
		D60870331AD7963200645E27 /* Garrafa vidro */ = {
			isa = PBXGroup;
			children = (
				D60870341AD7965100645E27 /* WLGarrafaVidro.h */,
				D60870351AD7965100645E27 /* WLGarrafaVidro.m */,
			);
			name = "Garrafa vidro";
			sourceTree = "<group>";
		};
		D695BCB11AD7581700DC3187 = {
			isa = PBXGroup;
			children = (
				D695BCBC1AD7581800DC3187 /* River Watcher */,
				D695BCDB1AD7581800DC3187 /* River WatcherTests */,
				D695BCBB1AD7581800DC3187 /* Products */,
			);
			sourceTree = "<group>";
		};
		D695BCBB1AD7581800DC3187 /* Products */ = {
			isa = PBXGroup;
			children = (
				D695BCBA1AD7581800DC3187 /* River Watcher.app */,
				D695BCD81AD7581800DC3187 /* River WatcherTests.xctest */,
			);
			name = Products;
			sourceTree = "<group>";
		};
		D695BCBC1AD7581800DC3187 /* River Watcher */ = {
			isa = PBXGroup;
			children = (
				D695BD501AD7867B00DC3187 /* Objetos */,
				D695BCE91AD759E300DC3187 /* Telas */,
				D695BCE81AD759D800DC3187 /* Assets */,
				D695BCC11AD7581800DC3187 /* AppDelegate.h */,
				D695BCC21AD7581800DC3187 /* AppDelegate.m */,
				D695BCC91AD7581800DC3187 /* GameViewController.h */,
				D695BCCA1AD7581800DC3187 /* GameViewController.m */,
				D695BCCC1AD7581800DC3187 /* Main.storyboard */,
				D695BCD11AD7581800DC3187 /* LaunchScreen.xib */,
				D695BCBD1AD7581800DC3187 /* Supporting Files */,
			);
			path = "River Watcher";
			sourceTree = "<group>";
		};
		D695BCBD1AD7581800DC3187 /* Supporting Files */ = {
			isa = PBXGroup;
			children = (
				D695BCBE1AD7581800DC3187 /* Info.plist */,
				D695BCBF1AD7581800DC3187 /* main.m */,
			);
			name = "Supporting Files";
			sourceTree = "<group>";
		};
		D695BCDB1AD7581800DC3187 /* River WatcherTests */ = {
			isa = PBXGroup;
			children = (
				D695BCDE1AD7581800DC3187 /* River_WatcherTests.m */,
				D695BCDC1AD7581800DC3187 /* Supporting Files */,
			);
			path = "River WatcherTests";
			sourceTree = "<group>";
		};
		D695BCDC1AD7581800DC3187 /* Supporting Files */ = {
			isa = PBXGroup;
			children = (
				D695BCDD1AD7581800DC3187 /* Info.plist */,
			);
			name = "Supporting Files";
			sourceTree = "<group>";
		};
		D695BCE81AD759D800DC3187 /* Assets */ = {
			isa = PBXGroup;
			children = (
				D695BD451AD7838B00DC3187 /* Fontes */,
				D695BD211AD75D0900DC3187 /* Audio */,
				D695BCCF1AD7581800DC3187 /* Images.xcassets */,
			);
			name = Assets;
			sourceTree = "<group>";
		};
		D695BCE91AD759E300DC3187 /* Telas */ = {
			isa = PBXGroup;
			children = (
				D695BCC41AD7581800DC3187 /* TelaInicio.h */,
				D695BCC51AD7581800DC3187 /* TelaInicio.m */,
				D695BCC71AD7581800DC3187 /* TelaInicio.sks */,
				D695BD421AD77C7700DC3187 /* TelaJogo.h */,
				D695BD431AD77C7700DC3187 /* TelaJogo.m */,
			);
			name = Telas;
			sourceTree = "<group>";
		};
		D695BD211AD75D0900DC3187 /* Audio */ = {
			isa = PBXGroup;
			children = (
				D695BD221AD75D0900DC3187 /* Car Passing.wav */,
				D695BD231AD75D0900DC3187 /* CarHorn.wav */,
				D695BD241AD75D0900DC3187 /* Click - Stapling Paper-SoundBible.com-238116558.wav */,
				D695BD251AD75D0900DC3187 /* Enjoy The Life - In Game.wav */,
				D695BD261AD75D0900DC3187 /* Enjoy The Life - TI.wav */,
				D695BD271AD75D0900DC3187 /* Fall in water.wav */,
				D695BD281AD75D0900DC3187 /* Grab object.wav */,
				D695BD291AD75D0900DC3187 /* OFF - bubble_gum_pop-Natalie_Wendt-772662403.wav */,
				D695BD2A1AD75D0900DC3187 /* ON - bubble_gum_pop-Natalie_Wendt-772662403.wav */,
				D695BD2B1AD75D0900DC3187 /* Put on trash can  - 2.wav */,
				D695BD2C1AD75D0900DC3187 /* Put on trash can - 1.wav */,
				D695BD2D1AD75D0900DC3187 /* Smalltalk - End.wav */,
				D695BD2E1AD75D0900DC3187 /* throw object.wav */,
			);
			path = Audio;
			sourceTree = "<group>";
		};
		D695BD451AD7838B00DC3187 /* Fontes */ = {
			isa = PBXGroup;
			children = (
				D695BD461AD7838B00DC3187 /* Floraless.ttf */,
				D695BD471AD7838B00DC3187 /* FONTLOG.txt */,
				D695BD481AD7838B00DC3187 /* LICENSE.txt */,
				D695BD4A1AD7838B00DC3187 /* PressStart2P.ttf */,
			);
			path = Fontes;
			sourceTree = "<group>";
		};
		D695BD501AD7867B00DC3187 /* Objetos */ = {
			isa = PBXGroup;
			children = (
				D6BB9AC41AD805F0006E8DC7 /* Automovel */,
				D60870331AD7963200645E27 /* Garrafa vidro */,
				D695BD581AD789A700DC3187 /* Nave */,
				D695BD571AD7899A00DC3187 /* Agua */,
			);
			name = Objetos;
			sourceTree = "<group>";
		};
		D695BD571AD7899A00DC3187 /* Agua */ = {
			isa = PBXGroup;
			children = (
				D695BD511AD786D100DC3187 /* WLWater1.h */,
				D695BD521AD786D100DC3187 /* WLWater1.m */,
				D695BD531AD786D100DC3187 /* WLWater2.h */,
				D695BD541AD786D100DC3187 /* WLWater2.m */,
			);
			name = Agua;
			sourceTree = "<group>";
		};
		D695BD581AD789A700DC3187 /* Nave */ = {
			isa = PBXGroup;
			children = (
				D695BD591AD789CB00DC3187 /* SpaceShip.h */,
				D695BD5A1AD789CB00DC3187 /* SpaceShip.m */,
			);
			name = Nave;
			sourceTree = "<group>";
		};
		D6BB9AC41AD805F0006E8DC7 /* Automovel */ = {
			isa = PBXGroup;
			children = (
				D6BB9AC51AD8060A006E8DC7 /* WLAutomovel.h */,
				D6BB9AC61AD8060A006E8DC7 /* WLAutomovel.m */,
				D6BB9AC81AD8174F006E8DC7 /* WLCarro1.h */,
				D6BB9AC91AD8174F006E8DC7 /* WLCarro1.m */,
			);
			name = Automovel;
			sourceTree = "<group>";
		};
/* End PBXGroup section */

/* Begin PBXNativeTarget section */
		D695BCB91AD7581700DC3187 /* River Watcher */ = {
			isa = PBXNativeTarget;
			buildConfigurationList = D695BCE21AD7581800DC3187 /* Build configuration list for PBXNativeTarget "River Watcher" */;
			buildPhases = (
				D695BCB61AD7581700DC3187 /* Sources */,
				D695BCB71AD7581700DC3187 /* Frameworks */,
				D695BCB81AD7581700DC3187 /* Resources */,
			);
			buildRules = (
			);
			dependencies = (
			);
			name = "River Watcher";
			productName = "River Watcher";
			productReference = D695BCBA1AD7581800DC3187 /* River Watcher.app */;
			productType = "com.apple.product-type.application";
		};
		D695BCD71AD7581800DC3187 /* River WatcherTests */ = {
			isa = PBXNativeTarget;
			buildConfigurationList = D695BCE51AD7581800DC3187 /* Build configuration list for PBXNativeTarget "River WatcherTests" */;
			buildPhases = (
				D695BCD41AD7581800DC3187 /* Sources */,
				D695BCD51AD7581800DC3187 /* Frameworks */,
				D695BCD61AD7581800DC3187 /* Resources */,
			);
			buildRules = (
			);
			dependencies = (
				D695BCDA1AD7581800DC3187 /* PBXTargetDependency */,
			);
			name = "River WatcherTests";
			productName = "River WatcherTests";
			productReference = D695BCD81AD7581800DC3187 /* River WatcherTests.xctest */;
			productType = "com.apple.product-type.bundle.unit-test";
		};
/* End PBXNativeTarget section */

/* Begin PBXProject section */
		D695BCB21AD7581700DC3187 /* Project object */ = {
			isa = PBXProject;
			attributes = {
				LastUpgradeCheck = 0620;
				ORGANIZATIONNAME = "Bearded Men and The Lady";
				TargetAttributes = {
					D695BCB91AD7581700DC3187 = {
						CreatedOnToolsVersion = 6.2;
						DevelopmentTeam = Y47E3YFF7P;
					};
					D695BCD71AD7581800DC3187 = {
						CreatedOnToolsVersion = 6.2;
						TestTargetID = D695BCB91AD7581700DC3187;
					};
				};
			};
			buildConfigurationList = D695BCB51AD7581700DC3187 /* Build configuration list for PBXProject "River Watcher" */;
			compatibilityVersion = "Xcode 3.2";
			developmentRegion = English;
			hasScannedForEncodings = 0;
			knownRegions = (
				en,
				Base,
			);
			mainGroup = D695BCB11AD7581700DC3187;
			productRefGroup = D695BCBB1AD7581800DC3187 /* Products */;
			projectDirPath = "";
			projectRoot = "";
			targets = (
				D695BCB91AD7581700DC3187 /* River Watcher */,
				D695BCD71AD7581800DC3187 /* River WatcherTests */,
			);
		};
/* End PBXProject section */

/* Begin PBXResourcesBuildPhase section */
		D695BCB81AD7581700DC3187 /* Resources */ = {
			isa = PBXResourcesBuildPhase;
			buildActionMask = 2147483647;
			files = (
				D695BD361AD75D0900DC3187 /* OFF - bubble_gum_pop-Natalie_Wendt-772662403.wav in Resources */,
				D695BD4F1AD7838B00DC3187 /* PressStart2P.ttf in Resources */,
				D695BD341AD75D0900DC3187 /* Fall in water.wav in Resources */,
				D695BD371AD75D0900DC3187 /* ON - bubble_gum_pop-Natalie_Wendt-772662403.wav in Resources */,
				D695BD301AD75D0900DC3187 /* CarHorn.wav in Resources */,
				D695BD3B1AD75D0900DC3187 /* throw object.wav in Resources */,
				D695BD311AD75D0900DC3187 /* Click - Stapling Paper-SoundBible.com-238116558.wav in Resources */,
				D695BD2F1AD75D0900DC3187 /* Car Passing.wav in Resources */,
				D695BD381AD75D0900DC3187 /* Put on trash can  - 2.wav in Resources */,
				D695BD4D1AD7838B00DC3187 /* LICENSE.txt in Resources */,
				D695BCD31AD7581800DC3187 /* LaunchScreen.xib in Resources */,
				D695BD3A1AD75D0900DC3187 /* Smalltalk - End.wav in Resources */,
				D695BD391AD75D0900DC3187 /* Put on trash can - 1.wav in Resources */,
				D695BD321AD75D0900DC3187 /* Enjoy The Life - In Game.wav in Resources */,
				D695BCD01AD7581800DC3187 /* Images.xcassets in Resources */,
				D695BD331AD75D0900DC3187 /* Enjoy The Life - TI.wav in Resources */,
				D695BD4C1AD7838B00DC3187 /* FONTLOG.txt in Resources */,
				D695BD351AD75D0900DC3187 /* Grab object.wav in Resources */,
				D695BCC81AD7581800DC3187 /* TelaInicio.sks in Resources */,
				D695BD4B1AD7838B00DC3187 /* Floraless.ttf in Resources */,
				D695BCCE1AD7581800DC3187 /* Main.storyboard in Resources */,
			);
			runOnlyForDeploymentPostprocessing = 0;
		};
		D695BCD61AD7581800DC3187 /* Resources */ = {
			isa = PBXResourcesBuildPhase;
			buildActionMask = 2147483647;
			files = (
			);
			runOnlyForDeploymentPostprocessing = 0;
		};
/* End PBXResourcesBuildPhase section */

/* Begin PBXSourcesBuildPhase section */
		D695BCB61AD7581700DC3187 /* Sources */ = {
			isa = PBXSourcesBuildPhase;
			buildActionMask = 2147483647;
			files = (
				D695BD551AD786D100DC3187 /* WLWater1.m in Sources */,
				D695BCCB1AD7581800DC3187 /* GameViewController.m in Sources */,
				D695BCC31AD7581800DC3187 /* AppDelegate.m in Sources */,
				D60870361AD7965100645E27 /* WLGarrafaVidro.m in Sources */,
				D695BD561AD786D100DC3187 /* WLWater2.m in Sources */,
				D695BD441AD77C7700DC3187 /* TelaJogo.m in Sources */,
				D695BCC61AD7581800DC3187 /* TelaInicio.m in Sources */,
				D695BD5B1AD789CB00DC3187 /* SpaceShip.m in Sources */,
				D6BB9AC71AD8060A006E8DC7 /* WLAutomovel.m in Sources */,
				D695BCC01AD7581800DC3187 /* main.m in Sources */,
				D6BB9ACA1AD8174F006E8DC7 /* WLCarro1.m in Sources */,
			);
			runOnlyForDeploymentPostprocessing = 0;
		};
		D695BCD41AD7581800DC3187 /* Sources */ = {
			isa = PBXSourcesBuildPhase;
			buildActionMask = 2147483647;
			files = (
				D695BCDF1AD7581800DC3187 /* River_WatcherTests.m in Sources */,
			);
			runOnlyForDeploymentPostprocessing = 0;
		};
/* End PBXSourcesBuildPhase section */

/* Begin PBXTargetDependency section */
		D695BCDA1AD7581800DC3187 /* PBXTargetDependency */ = {
			isa = PBXTargetDependency;
			target = D695BCB91AD7581700DC3187 /* River Watcher */;
			targetProxy = D695BCD91AD7581800DC3187 /* PBXContainerItemProxy */;
		};
/* End PBXTargetDependency section */

/* Begin PBXVariantGroup section */
		D695BCCC1AD7581800DC3187 /* Main.storyboard */ = {
			isa = PBXVariantGroup;
			children = (
				D695BCCD1AD7581800DC3187 /* Base */,
			);
			name = Main.storyboard;
			sourceTree = "<group>";
		};
		D695BCD11AD7581800DC3187 /* LaunchScreen.xib */ = {
			isa = PBXVariantGroup;
			children = (
				D695BCD21AD7581800DC3187 /* Base */,
			);
			name = LaunchScreen.xib;
			sourceTree = "<group>";
		};
/* End PBXVariantGroup section */

/* Begin XCBuildConfiguration section */
		D695BCE01AD7581800DC3187 /* Debug */ = {
			isa = XCBuildConfiguration;
			buildSettings = {
				ALWAYS_SEARCH_USER_PATHS = NO;
				CLANG_CXX_LANGUAGE_STANDARD = "gnu++0x";
				CLANG_CXX_LIBRARY = "libc++";
				CLANG_ENABLE_MODULES = YES;
				CLANG_ENABLE_OBJC_ARC = YES;
				CLANG_WARN_BOOL_CONVERSION = YES;
				CLANG_WARN_CONSTANT_CONVERSION = YES;
				CLANG_WARN_DIRECT_OBJC_ISA_USAGE = YES_ERROR;
				CLANG_WARN_EMPTY_BODY = YES;
				CLANG_WARN_ENUM_CONVERSION = YES;
				CLANG_WARN_INT_CONVERSION = YES;
				CLANG_WARN_OBJC_ROOT_CLASS = YES_ERROR;
				CLANG_WARN_UNREACHABLE_CODE = YES;
				CLANG_WARN__DUPLICATE_METHOD_MATCH = YES;
				"CODE_SIGN_IDENTITY[sdk=iphoneos*]" = "iPhone Developer";
				COPY_PHASE_STRIP = NO;
				ENABLE_STRICT_OBJC_MSGSEND = YES;
				GCC_C_LANGUAGE_STANDARD = gnu99;
				GCC_DYNAMIC_NO_PIC = NO;
				GCC_OPTIMIZATION_LEVEL = 0;
				GCC_PREPROCESSOR_DEFINITIONS = (
					"DEBUG=1",
					"$(inherited)",
				);
				GCC_SYMBOLS_PRIVATE_EXTERN = NO;
				GCC_WARN_64_TO_32_BIT_CONVERSION = YES;
				GCC_WARN_ABOUT_RETURN_TYPE = YES_ERROR;
				GCC_WARN_UNDECLARED_SELECTOR = YES;
				GCC_WARN_UNINITIALIZED_AUTOS = YES_AGGRESSIVE;
				GCC_WARN_UNUSED_FUNCTION = YES;
				GCC_WARN_UNUSED_VARIABLE = YES;
				IPHONEOS_DEPLOYMENT_TARGET = 8.2;
				MTL_ENABLE_DEBUG_INFO = YES;
				ONLY_ACTIVE_ARCH = YES;
				SDKROOT = iphoneos;
				TARGETED_DEVICE_FAMILY = 2;
			};
			name = Debug;
		};
		D695BCE11AD7581800DC3187 /* Release */ = {
			isa = XCBuildConfiguration;
			buildSettings = {
				ALWAYS_SEARCH_USER_PATHS = NO;
				CLANG_CXX_LANGUAGE_STANDARD = "gnu++0x";
				CLANG_CXX_LIBRARY = "libc++";
				CLANG_ENABLE_MODULES = YES;
				CLANG_ENABLE_OBJC_ARC = YES;
				CLANG_WARN_BOOL_CONVERSION = YES;
				CLANG_WARN_CONSTANT_CONVERSION = YES;
				CLANG_WARN_DIRECT_OBJC_ISA_USAGE = YES_ERROR;
				CLANG_WARN_EMPTY_BODY = YES;
				CLANG_WARN_ENUM_CONVERSION = YES;
				CLANG_WARN_INT_CONVERSION = YES;
				CLANG_WARN_OBJC_ROOT_CLASS = YES_ERROR;
				CLANG_WARN_UNREACHABLE_CODE = YES;
				CLANG_WARN__DUPLICATE_METHOD_MATCH = YES;
				"CODE_SIGN_IDENTITY[sdk=iphoneos*]" = "iPhone Developer";
				COPY_PHASE_STRIP = NO;
				ENABLE_NS_ASSERTIONS = NO;
				ENABLE_STRICT_OBJC_MSGSEND = YES;
				GCC_C_LANGUAGE_STANDARD = gnu99;
				GCC_WARN_64_TO_32_BIT_CONVERSION = YES;
				GCC_WARN_ABOUT_RETURN_TYPE = YES_ERROR;
				GCC_WARN_UNDECLARED_SELECTOR = YES;
				GCC_WARN_UNINITIALIZED_AUTOS = YES_AGGRESSIVE;
				GCC_WARN_UNUSED_FUNCTION = YES;
				GCC_WARN_UNUSED_VARIABLE = YES;
				IPHONEOS_DEPLOYMENT_TARGET = 8.2;
				MTL_ENABLE_DEBUG_INFO = NO;
				SDKROOT = iphoneos;
				TARGETED_DEVICE_FAMILY = 2;
				VALIDATE_PRODUCT = YES;
			};
			name = Release;
		};
		D695BCE31AD7581800DC3187 /* Debug */ = {
			isa = XCBuildConfiguration;
			buildSettings = {
				ASSETCATALOG_COMPILER_APPICON_NAME = AppIcon;
				CODE_SIGN_IDENTITY = "iPhone Developer";
				INFOPLIST_FILE = "River Watcher/Info.plist";
				IPHONEOS_DEPLOYMENT_TARGET = 8.3;
				LD_RUNPATH_SEARCH_PATHS = "$(inherited) @executable_path/Frameworks";
				PRODUCT_NAME = "$(TARGET_NAME)";
				TARGETED_DEVICE_FAMILY = "1,2";
			};
			name = Debug;
		};
		D695BCE41AD7581800DC3187 /* Release */ = {
			isa = XCBuildConfiguration;
			buildSettings = {
				ASSETCATALOG_COMPILER_APPICON_NAME = AppIcon;
				CODE_SIGN_IDENTITY = "iPhone Developer";
				INFOPLIST_FILE = "River Watcher/Info.plist";
				IPHONEOS_DEPLOYMENT_TARGET = 8.3;
				LD_RUNPATH_SEARCH_PATHS = "$(inherited) @executable_path/Frameworks";
				PRODUCT_NAME = "$(TARGET_NAME)";
				TARGETED_DEVICE_FAMILY = "1,2";
			};
			name = Release;
		};
		D695BCE61AD7581800DC3187 /* Debug */ = {
			isa = XCBuildConfiguration;
			buildSettings = {
				BUNDLE_LOADER = "$(TEST_HOST)";
				FRAMEWORK_SEARCH_PATHS = (
					"$(SDKROOT)/Developer/Library/Frameworks",
					"$(inherited)",
				);
				GCC_PREPROCESSOR_DEFINITIONS = (
					"DEBUG=1",
					"$(inherited)",
				);
				INFOPLIST_FILE = "River WatcherTests/Info.plist";
				LD_RUNPATH_SEARCH_PATHS = "$(inherited) @executable_path/Frameworks @loader_path/Frameworks";
				PRODUCT_NAME = "$(TARGET_NAME)";
				TEST_HOST = "$(BUILT_PRODUCTS_DIR)/River Watcher.app/River Watcher";
			};
			name = Debug;
		};
		D695BCE71AD7581800DC3187 /* Release */ = {
			isa = XCBuildConfiguration;
			buildSettings = {
				BUNDLE_LOADER = "$(TEST_HOST)";
				FRAMEWORK_SEARCH_PATHS = (
					"$(SDKROOT)/Developer/Library/Frameworks",
					"$(inherited)",
				);
				INFOPLIST_FILE = "River WatcherTests/Info.plist";
				LD_RUNPATH_SEARCH_PATHS = "$(inherited) @executable_path/Frameworks @loader_path/Frameworks";
				PRODUCT_NAME = "$(TARGET_NAME)";
				TEST_HOST = "$(BUILT_PRODUCTS_DIR)/River Watcher.app/River Watcher";
			};
			name = Release;
		};
/* End XCBuildConfiguration section */

/* Begin XCConfigurationList section */
		D695BCB51AD7581700DC3187 /* Build configuration list for PBXProject "River Watcher" */ = {
			isa = XCConfigurationList;
			buildConfigurations = (
				D695BCE01AD7581800DC3187 /* Debug */,
				D695BCE11AD7581800DC3187 /* Release */,
			);
			defaultConfigurationIsVisible = 0;
			defaultConfigurationName = Release;
		};
		D695BCE21AD7581800DC3187 /* Build configuration list for PBXNativeTarget "River Watcher" */ = {
			isa = XCConfigurationList;
			buildConfigurations = (
				D695BCE31AD7581800DC3187 /* Debug */,
				D695BCE41AD7581800DC3187 /* Release */,
			);
			defaultConfigurationIsVisible = 0;
			defaultConfigurationName = Release;
		};
		D695BCE51AD7581800DC3187 /* Build configuration list for PBXNativeTarget "River WatcherTests" */ = {
			isa = XCConfigurationList;
			buildConfigurations = (
				D695BCE61AD7581800DC3187 /* Debug */,
				D695BCE71AD7581800DC3187 /* Release */,
			);
			defaultConfigurationIsVisible = 0;
			defaultConfigurationName = Release;
		};
/* End XCConfigurationList section */
	};
	rootObject = D695BCB21AD7581700DC3187 /* Project object */;
}
